schema: '2.0'
stages:
  load_data:
    cmd: python src/load_data.py --config=params.yaml
    deps:
    - path: data_given/winequality.csv
      md5: ccc8d3507eb151f53f760d36abdef888
      size: 91998
    - path: src/get_data.py
      md5: 025025782fa100f92c0d3377aac93025
      size: 742
    - path: src/load_data.py
      md5: 18ef8ee78ac8195cdcbd2fe8d419bd86
      size: 712
    outs:
    - path: data/raw/winequality.csv
      md5: d98e8f2eca228c11c4de1cc96866a54d
      size: 91998
